
Microsoft Visual Studio Solution File, Format Version 12.00
# Visual Studio Version 16
VisualStudioVersion = 16.0.31624.102
MinimumVisualStudioVersion = 10.0.40219.1
Project("{8BC9CEB8-8B4A-11D0-8D11-00A0C91BC942}") = "lab-8.1(string)", "lab-8.1(string)\lab-8.1(string).vcxproj", "{E232C01D-D0C3-4816-B21D-627B224D5C1B}"
EndProject
Project("{8BC9CEB8-8B4A-11D0-8D11-00A0C91BC942}") = "UnitTest1", "UnitTest1\UnitTest1.vcxproj", "{E8BCCA99-2632-46E2-8389-A00AB089AD05}"
EndProject
Global
	GlobalSection(SolutionConfigurationPlatforms) = preSolution
		Debug|x64 = Debug|x64
		Debug|x86 = Debug|x86
		Release|x64 = Release|x64
		Release|x86 = Release|x86
	EndGlobalSection
	GlobalSection(ProjectConfigurationPlatforms) = postSolution
		{E232C01D-D0C3-4816-B21D-627B224D5C1B}.Debug|x64.ActiveCfg = Debug|x64
		{E232C01D-D0C3-4816-B21D-627B224D5C1B}.Debug|x64.Build.0 = Debug|x64
		{E232C01D-D0C3-4816-B21D-627B224D5C1B}.Debug|x86.ActiveCfg = Debug|Win32
		{E232C01D-D0C3-4816-B21D-627B224D5C1B}.Debug|x86.Build.0 = Debug|Win32
		{E232C01D-D0C3-4816-B21D-627B224D5C1B}.Release|x64.ActiveCfg = Release|x64
		{E232C01D-D0C3-4816-B21D-627B224D5C1B}.Release|x64.Build.0 = Release|x64
		{E232C01D-D0C3-4816-B21D-627B224D5C1B}.Release|x86.ActiveCfg = Release|Win32
		{E232C01D-D0C3-4816-B21D-627B224D5C1B}.Release|x86.Build.0 = Release|Win32
		{E8BCCA99-2632-46E2-8389-A00AB089AD05}.Debug|x64.ActiveCfg = Debug|x64
		{E8BCCA99-2632-46E2-8389-A00AB089AD05}.Debug|x64.Build.0 = Debug|x64
		{E8BCCA99-2632-46E2-8389-A00AB089AD05}.Debug|x86.ActiveCfg = Debug|Win32
		{E8BCCA99-2632-46E2-8389-A00AB089AD05}.Debug|x86.Build.0 = Debug|Win32
		{E8BCCA99-2632-46E2-8389-A00AB089AD05}.Release|x64.ActiveCfg = Release|x64
		{E8BCCA99-2632-46E2-8389-A00AB089AD05}.Release|x64.Build.0 = Release|x64
		{E8BCCA99-2632-46E2-8389-A00AB089AD05}.Release|x86.ActiveCfg = Release|Win32
		{E8BCCA99-2632-46E2-8389-A00AB089AD05}.Release|x86.Build.0 = Release|Win32
	EndGlobalSection
	GlobalSection(SolutionProperties) = preSolution
		HideSolutionNode = FALSE
	EndGlobalSection
	GlobalSection(ExtensibilityGlobals) = postSolution
		SolutionGuid = {B8A30F29-F15F-4287-9A65-CE3E56CFB0F2}
	EndGlobalSection
EndGlobal
